lockfileVersion: '6.0'

settings:
  autoInstallPeers: true
  excludeLinksFromLockfile: false

dependencies:
  '@aws-sdk/s3-request-presigner':
    specifier: ^3.490.0
    version: 3.490.0

packages:

  /@aws-crypto/crc32@3.0.0:
    resolution: {integrity: sha512-IzSgsrxUcsrejQbPVilIKy16kAT52EwB6zSaI+M3xxIhKh5+aldEyvI+z6erM7TCLB2BJsFrtHjp6/4/sr+3dA==}
    dependencies:
      '@aws-crypto/util': 3.0.0
      '@aws-sdk/types': 3.489.0
      tslib: 1.14.1
    dev: false

  /@aws-crypto/util@3.0.0:
    resolution: {integrity: sha512-2OJlpeJpCR48CC8r+uKVChzs9Iungj9wkZrl8Z041DWEWvyIHILYKCPNzJghKsivj+S3mLo6BVc7mBNzdxA46w==}
    dependencies:
      '@aws-sdk/types': 3.489.0
      '@aws-sdk/util-utf8-browser': 3.259.0
      tslib: 1.14.1
    dev: false

  /@aws-sdk/middleware-sdk-s3@3.489.0:
    resolution: {integrity: sha512-/GGASx7mK9qEgy1znvleYMZKVqm3sOdGghqKdy2zgoGcH2jH+fZrLM0lDMT9bvdITmOCbJJs2rVHP3xm/ZWcXg==}
    engines: {node: '>=14.0.0'}
    dependencies:
      '@aws-sdk/types': 3.489.0
      '@aws-sdk/util-arn-parser': 3.465.0
      '@smithy/node-config-provider': 2.1.9
      '@smithy/protocol-http': 3.0.12
      '@smithy/signature-v4': 2.0.19
      '@smithy/smithy-client': 2.2.1
      '@smithy/types': 2.8.0
      '@smithy/util-config-provider': 2.1.0
      tslib: 2.6.2
    dev: false

  /@aws-sdk/s3-request-presigner@3.490.0:
    resolution: {integrity: sha512-ZHs+FlcTv9MKMM0b9svxxQio4FiRxDNstKYG8sbm9YEoahYV25h3K3butUiThaiOeYePOD7jHdbdXz4/XasxXg==}
    engines: {node: '>=14.0.0'}
    dependencies:
      '@aws-sdk/signature-v4-multi-region': 3.489.0
      '@aws-sdk/types': 3.489.0
      '@aws-sdk/util-format-url': 3.489.0
      '@smithy/middleware-endpoint': 2.3.0
      '@smithy/protocol-http': 3.0.12
      '@smithy/smithy-client': 2.2.1
      '@smithy/types': 2.8.0
      tslib: 2.6.2
    dev: false

  /@aws-sdk/signature-v4-multi-region@3.489.0:
    resolution: {integrity: sha512-kYFM7Opu36EkFlzXdVNOBFpQApgnuaTu/U/qYhGyuzeD+HNnYgZEsd/tDro1DQ074jVy3GN9ttJSYxq5I4oTkA==}
    engines: {node: '>=14.0.0'}
    dependencies:
      '@aws-sdk/middleware-sdk-s3': 3.489.0
      '@aws-sdk/types': 3.489.0
      '@smithy/protocol-http': 3.0.12
      '@smithy/signature-v4': 2.0.19
      '@smithy/types': 2.8.0
      tslib: 2.6.2
    dev: false

  /@aws-sdk/types@3.489.0:
    resolution: {integrity: sha512-kcDtLfKog/p0tC4gAeqJqWxAiEzfe2LRPnKamvSG2Mjbthx4R/alE2dxyIq/wW+nvRv0fqR3OD5kD1+eVfdr/w==}
    engines: {node: '>=14.0.0'}
    dependencies:
      '@smithy/types': 2.8.0
      tslib: 2.6.2
    dev: false

  /@aws-sdk/util-arn-parser@3.465.0:
    resolution: {integrity: sha512-zOJ82vzDJFqBX9yZBlNeHHrul/kpx/DCoxzW5UBbZeb26kfV53QhMSoEmY8/lEbBqlqargJ/sgRC845GFhHNQw==}
    engines: {node: '>=14.0.0'}
    dependencies:
      tslib: 2.6.2
    dev: false

  /@aws-sdk/util-format-url@3.489.0:
    resolution: {integrity: sha512-yqIf9RMdOSxMUrv1BVDmrYp5kjLh4RxA17BTqzcQK8cXkRBqBP8ydbCQXENSv8LZSMH7AnrXNHBD1eiVuKRzZw==}
    engines: {node: '>=14.0.0'}
    dependencies:
      '@aws-sdk/types': 3.489.0
      '@smithy/querystring-builder': 2.0.16
      '@smithy/types': 2.8.0
      tslib: 2.6.2
    dev: false

  /@aws-sdk/util-utf8-browser@3.259.0:
    resolution: {integrity: sha512-UvFa/vR+e19XookZF8RzFZBrw2EUkQWxiBW0yYQAhvk3C+QVGl0H3ouca8LDBlBfQKXwmW3huo/59H8rwb1wJw==}
    dependencies:
      tslib: 2.6.2
    dev: false

  /@smithy/abort-controller@2.0.16:
    resolution: {integrity: sha512-4foO7738k8kM9flMHu3VLabqu7nPgvIj8TB909S0CnKx0YZz/dcDH3pZ/4JHdatfxlZdKF1JWOYCw9+v3HVVsw==}
    engines: {node: '>=14.0.0'}
    dependencies:
      '@smithy/types': 2.8.0
      tslib: 2.6.2
    dev: false

  /@smithy/eventstream-codec@2.0.16:
    resolution: {integrity: sha512-umYh5pdCE9GHgiMAH49zu9wXWZKNHHdKPm/lK22WYISTjqu29SepmpWNmPiBLy/yUu4HFEGJHIFrDWhbDlApaw==}
    dependencies:
      '@aws-crypto/crc32': 3.0.0
      '@smithy/types': 2.8.0
      '@smithy/util-hex-encoding': 2.0.0
      tslib: 2.6.2
    dev: false

  /@smithy/fetch-http-handler@2.3.2:
    resolution: {integrity: sha512-O9R/OlnAOTsnysuSDjt0v2q6DcSvCz5cCFC/CFAWWcLyBwJDeFyGTCTszgpQTb19+Fi8uRwZE5/3ziAQBFeDMQ==}
    dependencies:
      '@smithy/protocol-http': 3.0.12
      '@smithy/querystring-builder': 2.0.16
      '@smithy/types': 2.8.0
      '@smithy/util-base64': 2.0.1
      tslib: 2.6.2
    dev: false

  /@smithy/is-array-buffer@2.0.0:
    resolution: {integrity: sha512-z3PjFjMyZNI98JFRJi/U0nGoLWMSJlDjAW4QUX2WNZLas5C0CmVV6LJ01JI0k90l7FvpmixjWxPFmENSClQ7ug==}
    engines: {node: '>=14.0.0'}
    dependencies:
      tslib: 2.6.2
    dev: false

  /@smithy/middleware-endpoint@2.3.0:
    resolution: {integrity: sha512-VsOAG2YQ8ykjSmKO+CIXdJBIWFo6AAvG6Iw95BakBTqk66/4BI7XyqLevoNSq/lZ6NgZv24sLmrcIN+fLDWBCg==}
    engines: {node: '>=14.0.0'}
    dependencies:
      '@smithy/middleware-serde': 2.0.16
      '@smithy/node-config-provider': 2.1.9
      '@smithy/shared-ini-file-loader': 2.2.8
      '@smithy/types': 2.8.0
      '@smithy/url-parser': 2.0.16
      '@smithy/util-middleware': 2.0.9
      tslib: 2.6.2
    dev: false

  /@smithy/middleware-serde@2.0.16:
    resolution: {integrity: sha512-5EAd4t30pcc4M8TSSGq7q/x5IKrxfXR5+SrU4bgxNy7RPHQo2PSWBUco9C+D9Tfqp/JZvprRpK42dnupZafk2g==}
    engines: {node: '>=14.0.0'}
    dependencies:
      '@smithy/types': 2.8.0
      tslib: 2.6.2
    dev: false

  /@smithy/middleware-stack@2.0.10:
    resolution: {integrity: sha512-I2rbxctNq9FAPPEcuA1ntZxkTKOPQFy7YBPOaD/MLg1zCvzv21CoNxR0py6J8ZVC35l4qE4nhxB0f7TF5/+Ldw==}
    engines: {node: '>=14.0.0'}
    dependencies:
      '@smithy/types': 2.8.0
      tslib: 2.6.2
    dev: false

  /@smithy/node-config-provider@2.1.9:
    resolution: {integrity: sha512-tUyW/9xrRy+s7RXkmQhgYkAPMpTIF8izK4orhHjNFEKR3QZiOCbWB546Y8iB/Fpbm3O9+q0Af9rpywLKJOwtaQ==}
    engines: {node: '>=14.0.0'}
    dependencies:
      '@smithy/property-provider': 2.0.17
      '@smithy/shared-ini-file-loader': 2.2.8
      '@smithy/types': 2.8.0
      tslib: 2.6.2
    dev: false

  /@smithy/node-http-handler@2.2.2:
    resolution: {integrity: sha512-XO58TO/Eul/IBQKFKaaBtXJi0ItEQQCT+NI4IiKHCY/4KtqaUT6y/wC1EvDqlA9cP7Dyjdj7FdPs4DyynH3u7g==}
    engines: {node: '>=14.0.0'}
    dependencies:
      '@smithy/abort-controller': 2.0.16
      '@smithy/protocol-http': 3.0.12
      '@smithy/querystring-builder': 2.0.16
      '@smithy/types': 2.8.0
      tslib: 2.6.2
    dev: false

  /@smithy/property-provider@2.0.17:
    resolution: {integrity: sha512-+VkeZbVu7qtQ2DjI48Qwaf9fPOr3gZIwxQpuLJgRRSkWsdSvmaTCxI3gzRFKePB63Ts9r4yjn4HkxSCSkdWmcQ==}
    engines: {node: '>=14.0.0'}
    dependencies:
      '@smithy/types': 2.8.0
      tslib: 2.6.2
    dev: false

  /@smithy/protocol-http@3.0.12:
    resolution: {integrity: sha512-Xz4iaqLiaBfbQpB9Hgi3VcZYbP7xRDXYhd8XWChh4v94uw7qwmvlxdU5yxzfm6ACJM66phHrTbS5TVvj5uQ72w==}
    engines: {node: '>=14.0.0'}
    dependencies:
      '@smithy/types': 2.8.0
      tslib: 2.6.2
    dev: false

  /@smithy/querystring-builder@2.0.16:
    resolution: {integrity: sha512-Q/GsJT0C0mijXMRs7YhZLLCP5FcuC4797lYjKQkME5CZohnLC4bEhylAd2QcD3gbMKNjCw8+T2I27WKiV/wToA==}
    engines: {node: '>=14.0.0'}
    dependencies:
      '@smithy/types': 2.8.0
      '@smithy/util-uri-escape': 2.0.0
      tslib: 2.6.2
    dev: false

  /@smithy/querystring-parser@2.0.16:
    resolution: {integrity: sha512-c4ueAuL6BDYKWpkubjrQthZKoC3L5kql5O++ovekNxiexRXTlLIVlCR4q3KziOktLIw66EU9SQljPXd/oN6Okg==}
    engines: {node: '>=14.0.0'}
    dependencies:
      '@smithy/types': 2.8.0
      tslib: 2.6.2
    dev: false

  /@smithy/shared-ini-file-loader@2.2.8:
    resolution: {integrity: sha512-E62byatbwSWrtq9RJ7xN40tqrRKDGrEL4EluyNpaIDvfvet06a/QC58oHw2FgVaEgkj0tXZPjZaKrhPfpoU0qw==}
    engines: {node: '>=14.0.0'}
    dependencies:
      '@smithy/types': 2.8.0
      tslib: 2.6.2
    dev: false

  /@smithy/signature-v4@2.0.19:
    resolution: {integrity: sha512-nwc3JihdM+kcJjtORv/n7qRHN2Kfh7S2RJI2qr8pz9UcY5TD8rSCRGQ0g81HgyS3jZ5X9U/L4p014P3FonBPhg==}
    engines: {node: '>=14.0.0'}
    dependencies:
      '@smithy/eventstream-codec': 2.0.16
      '@smithy/is-array-buffer': 2.0.0
      '@smithy/types': 2.8.0
      '@smithy/util-hex-encoding': 2.0.0
      '@smithy/util-middleware': 2.0.9
      '@smithy/util-uri-escape': 2.0.0
      '@smithy/util-utf8': 2.0.2
      tslib: 2.6.2
    dev: false

  /@smithy/smithy-client@2.2.1:
    resolution: {integrity: sha512-SpD7FLK92XV2fon2hMotaNDa2w5VAy5/uVjP9WFmjGSgWM8pTPVkHcDl1yFs5Z8LYbij0FSz+DbCBK6i+uXXUA==}
    engines: {node: '>=14.0.0'}
    dependencies:
      '@smithy/middleware-endpoint': 2.3.0
      '@smithy/middleware-stack': 2.0.10
      '@smithy/protocol-http': 3.0.12
      '@smithy/types': 2.8.0
      '@smithy/util-stream': 2.0.24
      tslib: 2.6.2
    dev: false

  /@smithy/types@2.8.0:
    resolution: {integrity: sha512-h9sz24cFgt/W1Re22OlhQKmUZkNh244ApgRsUDYinqF8R+QgcsBIX344u2j61TPshsTz3CvL6HYU1DnQdsSrHA==}
    engines: {node: '>=14.0.0'}
    dependencies:
      tslib: 2.6.2
    dev: false

  /@smithy/url-parser@2.0.16:
    resolution: {integrity: sha512-Wfz5WqAoRT91TjRy1JeLR0fXtkIXHGsMbgzKFTx7E68SrZ55TB8xoG+vm11Ru4gheFTMXjAjwAxv1jQdC+pAQA==}
    dependencies:
      '@smithy/querystring-parser': 2.0.16
      '@smithy/types': 2.8.0
      tslib: 2.6.2
    dev: false

  /@smithy/util-base64@2.0.1:
    resolution: {integrity: sha512-DlI6XFYDMsIVN+GH9JtcRp3j02JEVuWIn/QOZisVzpIAprdsxGveFed0bjbMRCqmIFe8uetn5rxzNrBtIGrPIQ==}
    engines: {node: '>=14.0.0'}
    dependencies:
      '@smithy/util-buffer-from': 2.0.0
      tslib: 2.6.2
    dev: false

  /@smithy/util-buffer-from@2.0.0:
    resolution: {integrity: sha512-/YNnLoHsR+4W4Vf2wL5lGv0ksg8Bmk3GEGxn2vEQt52AQaPSCuaO5PM5VM7lP1K9qHRKHwrPGktqVoAHKWHxzw==}
    engines: {node: '>=14.0.0'}
    dependencies:
      '@smithy/is-array-buffer': 2.0.0
      tslib: 2.6.2
    dev: false

  /@smithy/util-config-provider@2.1.0:
    resolution: {integrity: sha512-S6V0JvvhQgFSGLcJeT1CBsaTR03MM8qTuxMH9WPCCddlSo2W0V5jIHimHtIQALMLEDPGQ0ROSRr/dU0O+mxiQg==}
    engines: {node: '>=14.0.0'}
    dependencies:
      tslib: 2.6.2
    dev: false

  /@smithy/util-hex-encoding@2.0.0:
    resolution: {integrity: sha512-c5xY+NUnFqG6d7HFh1IFfrm3mGl29lC+vF+geHv4ToiuJCBmIfzx6IeHLg+OgRdPFKDXIw6pvi+p3CsscaMcMA==}
    engines: {node: '>=14.0.0'}
    dependencies:
      tslib: 2.6.2
    dev: false

  /@smithy/util-middleware@2.0.9:
    resolution: {integrity: sha512-PnCnBJ07noMX1lMDTEefmxSlusWJUiLfrme++MfK5TD0xz8NYmakgoXy5zkF/16zKGmiwOeKAztWT/Vjk1KRIQ==}
    engines: {node: '>=14.0.0'}
    dependencies:
      '@smithy/types': 2.8.0
      tslib: 2.6.2
    dev: false

  /@smithy/util-stream@2.0.24:
    resolution: {integrity: sha512-hRpbcRrOxDriMVmbya+Mv77VZVupxRAsfxVDKS54XuiURhdiwCUXJP0X1iJhHinuUf6n8pBF0MkG9C8VooMnWw==}
    engines: {node: '>=14.0.0'}
    dependencies:
      '@smithy/fetch-http-handler': 2.3.2
      '@smithy/node-http-handler': 2.2.2
      '@smithy/types': 2.8.0
      '@smithy/util-base64': 2.0.1
      '@smithy/util-buffer-from': 2.0.0
      '@smithy/util-hex-encoding': 2.0.0
      '@smithy/util-utf8': 2.0.2
      tslib: 2.6.2
    dev: false

  /@smithy/util-uri-escape@2.0.0:
    resolution: {integrity: sha512-ebkxsqinSdEooQduuk9CbKcI+wheijxEb3utGXkCoYQkJnwTnLbH1JXGimJtUkQwNQbsbuYwG2+aFVyZf5TLaw==}
    engines: {node: '>=14.0.0'}
    dependencies:
      tslib: 2.6.2
    dev: false

  /@smithy/util-utf8@2.0.2:
    resolution: {integrity: sha512-qOiVORSPm6Ce4/Yu6hbSgNHABLP2VMv8QOC3tTDNHHlWY19pPyc++fBTbZPtx6egPXi4HQxKDnMxVxpbtX2GoA==}
    engines: {node: '>=14.0.0'}
    dependencies:
      '@smithy/util-buffer-from': 2.0.0
      tslib: 2.6.2
    dev: false

  /tslib@1.14.1:
    resolution: {integrity: sha512-Xni35NKzjgMrwevysHTCArtLDpPvye8zV/0E4EyYn43P7/7qvQwPh9BGkHewbMulVntbigmcT7rdX3BNo9wRJg==}
    dev: false

  /tslib@2.6.2:
    resolution: {integrity: sha512-AEYxH93jGFPn/a2iVAwW87VuUIkR1FVUKB77NwMF7nBTDkDrrT/Hpt/IrCJ0QXhW27jTBDcf5ZY7w6RiqTMw2Q==}
    dev: false
