lockfileVersion: '6.0'

settings:
  autoInstallPeers: true
  excludeLinksFromLockfile: false

dependencies:
  '@aws-sdk/client-s3':
    specifier: ^3.490.0
    version: 3.490.0
  '@aws-sdk/s3-request-presigner':
    specifier: ^3.490.0
    version: 3.490.0

packages:

  /@aws-crypto/crc32@3.0.0:
    resolution: {integrity: sha512-IzSgsrxUcsrejQbPVilIKy16kAT52EwB6zSaI+M3xxIhKh5+aldEyvI+z6erM7TCLB2BJsFrtHjp6/4/sr+3dA==}
    dependencies:
      '@aws-crypto/util': 3.0.0
      '@aws-sdk/types': 3.489.0
      tslib: 1.14.1
    dev: false

  /@aws-crypto/crc32c@3.0.0:
    resolution: {integrity: sha512-ENNPPManmnVJ4BTXlOjAgD7URidbAznURqD0KvfREyc4o20DPYdEldU1f5cQ7Jbj0CJJSPaMIk/9ZshdB3210w==}
    dependencies:
      '@aws-crypto/util': 3.0.0
      '@aws-sdk/types': 3.489.0
      tslib: 1.14.1
    dev: false

  /@aws-crypto/ie11-detection@3.0.0:
    resolution: {integrity: sha512-341lBBkiY1DfDNKai/wXM3aujNBkXR7tq1URPQDL9wi3AUbI80NR74uF1TXHMm7po1AcnFk8iu2S2IeU/+/A+Q==}
    dependencies:
      tslib: 1.14.1
    dev: false

  /@aws-crypto/sha1-browser@3.0.0:
    resolution: {integrity: sha512-NJth5c997GLHs6nOYTzFKTbYdMNA6/1XlKVgnZoaZcQ7z7UJlOgj2JdbHE8tiYLS3fzXNCguct77SPGat2raSw==}
    dependencies:
      '@aws-crypto/ie11-detection': 3.0.0
      '@aws-crypto/supports-web-crypto': 3.0.0
      '@aws-crypto/util': 3.0.0
      '@aws-sdk/types': 3.489.0
      '@aws-sdk/util-locate-window': 3.465.0
      '@aws-sdk/util-utf8-browser': 3.259.0
      tslib: 1.14.1
    dev: false

  /@aws-crypto/sha256-browser@3.0.0:
    resolution: {integrity: sha512-8VLmW2B+gjFbU5uMeqtQM6Nj0/F1bro80xQXCW6CQBWgosFWXTx77aeOF5CAIAmbOK64SdMBJdNr6J41yP5mvQ==}
    dependencies:
      '@aws-crypto/ie11-detection': 3.0.0
      '@aws-crypto/sha256-js': 3.0.0
      '@aws-crypto/supports-web-crypto': 3.0.0
      '@aws-crypto/util': 3.0.0
      '@aws-sdk/types': 3.489.0
      '@aws-sdk/util-locate-window': 3.465.0
      '@aws-sdk/util-utf8-browser': 3.259.0
      tslib: 1.14.1
    dev: false

  /@aws-crypto/sha256-js@3.0.0:
    resolution: {integrity: sha512-PnNN7os0+yd1XvXAy23CFOmTbMaDxgxXtTKHybrJ39Y8kGzBATgBFibWJKH6BhytLI/Zyszs87xCOBNyBig6vQ==}
    dependencies:
      '@aws-crypto/util': 3.0.0
      '@aws-sdk/types': 3.489.0
      tslib: 1.14.1
    dev: false

  /@aws-crypto/supports-web-crypto@3.0.0:
    resolution: {integrity: sha512-06hBdMwUAb2WFTuGG73LSC0wfPu93xWwo5vL2et9eymgmu3Id5vFAHBbajVWiGhPO37qcsdCap/FqXvJGJWPIg==}
    dependencies:
      tslib: 1.14.1
    dev: false

  /@aws-crypto/util@3.0.0:
    resolution: {integrity: sha512-2OJlpeJpCR48CC8r+uKVChzs9Iungj9wkZrl8Z041DWEWvyIHILYKCPNzJghKsivj+S3mLo6BVc7mBNzdxA46w==}
    dependencies:
      '@aws-sdk/types': 3.489.0
      '@aws-sdk/util-utf8-browser': 3.259.0
      tslib: 1.14.1
    dev: false

  /@aws-sdk/client-s3@3.490.0:
    resolution: {integrity: sha512-fBj3CJ3+5R+l/sc93Z9mKw8gM2b9K6vEhC9qSCG2XNymLd9YqlRft1peQ7VymrWywAHX3Koz1GCUrFEVNONiMw==}
    engines: {node: '>=14.0.0'}
    dependencies:
      '@aws-crypto/sha1-browser': 3.0.0
      '@aws-crypto/sha256-browser': 3.0.0
      '@aws-crypto/sha256-js': 3.0.0
      '@aws-sdk/client-sts': 3.490.0
      '@aws-sdk/core': 3.490.0
      '@aws-sdk/credential-provider-node': 3.490.0
      '@aws-sdk/middleware-bucket-endpoint': 3.489.0
      '@aws-sdk/middleware-expect-continue': 3.489.0
      '@aws-sdk/middleware-flexible-checksums': 3.489.0
      '@aws-sdk/middleware-host-header': 3.489.0
      '@aws-sdk/middleware-location-constraint': 3.489.0
      '@aws-sdk/middleware-logger': 3.489.0
      '@aws-sdk/middleware-recursion-detection': 3.489.0
      '@aws-sdk/middleware-sdk-s3': 3.489.0
      '@aws-sdk/middleware-signing': 3.489.0
      '@aws-sdk/middleware-ssec': 3.489.0
      '@aws-sdk/middleware-user-agent': 3.489.0
      '@aws-sdk/region-config-resolver': 3.489.0
      '@aws-sdk/signature-v4-multi-region': 3.489.0
      '@aws-sdk/types': 3.489.0
      '@aws-sdk/util-endpoints': 3.489.0
      '@aws-sdk/util-user-agent-browser': 3.489.0
      '@aws-sdk/util-user-agent-node': 3.489.0
      '@aws-sdk/xml-builder': 3.485.0
      '@smithy/config-resolver': 2.0.23
      '@smithy/core': 1.2.2
      '@smithy/eventstream-serde-browser': 2.0.16
      '@smithy/eventstream-serde-config-resolver': 2.0.16
      '@smithy/eventstream-serde-node': 2.0.16
      '@smithy/fetch-http-handler': 2.3.2
      '@smithy/hash-blob-browser': 2.0.17
      '@smithy/hash-node': 2.0.18
      '@smithy/hash-stream-node': 2.0.18
      '@smithy/invalid-dependency': 2.0.16
      '@smithy/md5-js': 2.0.18
      '@smithy/middleware-content-length': 2.0.18
      '@smithy/middleware-endpoint': 2.3.0
      '@smithy/middleware-retry': 2.0.26
      '@smithy/middleware-serde': 2.0.16
      '@smithy/middleware-stack': 2.0.10
      '@smithy/node-config-provider': 2.1.9
      '@smithy/node-http-handler': 2.2.2
      '@smithy/protocol-http': 3.0.12
      '@smithy/smithy-client': 2.2.1
      '@smithy/types': 2.8.0
      '@smithy/url-parser': 2.0.16
      '@smithy/util-base64': 2.0.1
      '@smithy/util-body-length-browser': 2.0.1
      '@smithy/util-body-length-node': 2.1.0
      '@smithy/util-defaults-mode-browser': 2.0.24
      '@smithy/util-defaults-mode-node': 2.0.32
      '@smithy/util-endpoints': 1.0.8
      '@smithy/util-retry': 2.0.9
      '@smithy/util-stream': 2.0.24
      '@smithy/util-utf8': 2.0.2
      '@smithy/util-waiter': 2.0.16
      fast-xml-parser: 4.2.5
      tslib: 2.6.2
    transitivePeerDependencies:
      - aws-crt
    dev: false

  /@aws-sdk/client-sso@3.490.0:
    resolution: {integrity: sha512-yfxoHmCL1w/IKmFRfzCxdVCQrGlSQf4eei9iVEm5oi3iE8REFyPj3o/BmKQEHG3h2ITK5UbdYDb5TY4xoYHsyA==}
    engines: {node: '>=14.0.0'}
    dependencies:
      '@aws-crypto/sha256-browser': 3.0.0
      '@aws-crypto/sha256-js': 3.0.0
      '@aws-sdk/core': 3.490.0
      '@aws-sdk/middleware-host-header': 3.489.0
      '@aws-sdk/middleware-logger': 3.489.0
      '@aws-sdk/middleware-recursion-detection': 3.489.0
      '@aws-sdk/middleware-user-agent': 3.489.0
      '@aws-sdk/region-config-resolver': 3.489.0
      '@aws-sdk/types': 3.489.0
      '@aws-sdk/util-endpoints': 3.489.0
      '@aws-sdk/util-user-agent-browser': 3.489.0
      '@aws-sdk/util-user-agent-node': 3.489.0
      '@smithy/config-resolver': 2.0.23
      '@smithy/core': 1.2.2
      '@smithy/fetch-http-handler': 2.3.2
      '@smithy/hash-node': 2.0.18
      '@smithy/invalid-dependency': 2.0.16
      '@smithy/middleware-content-length': 2.0.18
      '@smithy/middleware-endpoint': 2.3.0
      '@smithy/middleware-retry': 2.0.26
      '@smithy/middleware-serde': 2.0.16
      '@smithy/middleware-stack': 2.0.10
      '@smithy/node-config-provider': 2.1.9
      '@smithy/node-http-handler': 2.2.2
      '@smithy/protocol-http': 3.0.12
      '@smithy/smithy-client': 2.2.1
      '@smithy/types': 2.8.0
      '@smithy/url-parser': 2.0.16
      '@smithy/util-base64': 2.0.1
      '@smithy/util-body-length-browser': 2.0.1
      '@smithy/util-body-length-node': 2.1.0
      '@smithy/util-defaults-mode-browser': 2.0.24
      '@smithy/util-defaults-mode-node': 2.0.32
      '@smithy/util-endpoints': 1.0.8
      '@smithy/util-retry': 2.0.9
      '@smithy/util-utf8': 2.0.2
      tslib: 2.6.2
    transitivePeerDependencies:
      - aws-crt
    dev: false

  /@aws-sdk/client-sts@3.490.0:
    resolution: {integrity: sha512-n2vQ5Qu2qi2I0XMI+IH99ElpIRHOJTa1+sqNC4juMYxKQBMvw+EnsqUtaL3QvTHoyxNB/R7mpkeBB6SzPQ1TtA==}
    engines: {node: '>=14.0.0'}
    dependencies:
      '@aws-crypto/sha256-browser': 3.0.0
      '@aws-crypto/sha256-js': 3.0.0
      '@aws-sdk/core': 3.490.0
      '@aws-sdk/credential-provider-node': 3.490.0
      '@aws-sdk/middleware-host-header': 3.489.0
      '@aws-sdk/middleware-logger': 3.489.0
      '@aws-sdk/middleware-recursion-detection': 3.489.0
      '@aws-sdk/middleware-user-agent': 3.489.0
      '@aws-sdk/region-config-resolver': 3.489.0
      '@aws-sdk/types': 3.489.0
      '@aws-sdk/util-endpoints': 3.489.0
      '@aws-sdk/util-user-agent-browser': 3.489.0
      '@aws-sdk/util-user-agent-node': 3.489.0
      '@smithy/config-resolver': 2.0.23
      '@smithy/core': 1.2.2
      '@smithy/fetch-http-handler': 2.3.2
      '@smithy/hash-node': 2.0.18
      '@smithy/invalid-dependency': 2.0.16
      '@smithy/middleware-content-length': 2.0.18
      '@smithy/middleware-endpoint': 2.3.0
      '@smithy/middleware-retry': 2.0.26
      '@smithy/middleware-serde': 2.0.16
      '@smithy/middleware-stack': 2.0.10
      '@smithy/node-config-provider': 2.1.9
      '@smithy/node-http-handler': 2.2.2
      '@smithy/protocol-http': 3.0.12
      '@smithy/smithy-client': 2.2.1
      '@smithy/types': 2.8.0
      '@smithy/url-parser': 2.0.16
      '@smithy/util-base64': 2.0.1
      '@smithy/util-body-length-browser': 2.0.1
      '@smithy/util-body-length-node': 2.1.0
      '@smithy/util-defaults-mode-browser': 2.0.24
      '@smithy/util-defaults-mode-node': 2.0.32
      '@smithy/util-endpoints': 1.0.8
      '@smithy/util-middleware': 2.0.9
      '@smithy/util-retry': 2.0.9
      '@smithy/util-utf8': 2.0.2
      fast-xml-parser: 4.2.5
      tslib: 2.6.2
    transitivePeerDependencies:
      - aws-crt
    dev: false

  /@aws-sdk/core@3.490.0:
    resolution: {integrity: sha512-TSBWkXtxMU7q1Zo6w3v5wIOr/sj7P5Jw3OyO7lJrFGsPsDC2xwpxkVqTesDxkzgMRypO52xjYEmveagn1xxBHg==}
    engines: {node: '>=14.0.0'}
    dependencies:
      '@smithy/core': 1.2.2
      '@smithy/protocol-http': 3.0.12
      '@smithy/signature-v4': 2.0.19
      '@smithy/smithy-client': 2.2.1
      '@smithy/types': 2.8.0
      tslib: 2.6.2
    dev: false

  /@aws-sdk/credential-provider-env@3.489.0:
    resolution: {integrity: sha512-5PqYsx9G5SB2tqPT9/z/u0EkF6D4wP6HTMWQs+DfMdmwXihrqQAgeYaTtV3KbXqb88p6sfacwxhUvE6+Rm494w==}
    engines: {node: '>=14.0.0'}
    dependencies:
      '@aws-sdk/types': 3.489.0
      '@smithy/property-provider': 2.0.17
      '@smithy/types': 2.8.0
      tslib: 2.6.2
    dev: false

  /@aws-sdk/credential-provider-ini@3.490.0:
    resolution: {integrity: sha512-7m63zyCpVqj9FsoDxWMWWRvL6c7zZzOcXYkHZmHujVVlmAXH0RT/vkXFkYgt+Ku+ov+v5NQrzwO5TmVoRt6O8g==}
    engines: {node: '>=14.0.0'}
    dependencies:
      '@aws-sdk/credential-provider-env': 3.489.0
      '@aws-sdk/credential-provider-process': 3.489.0
      '@aws-sdk/credential-provider-sso': 3.490.0
      '@aws-sdk/credential-provider-web-identity': 3.489.0
      '@aws-sdk/types': 3.489.0
      '@smithy/credential-provider-imds': 2.1.5
      '@smithy/property-provider': 2.0.17
      '@smithy/shared-ini-file-loader': 2.2.8
      '@smithy/types': 2.8.0
      tslib: 2.6.2
    transitivePeerDependencies:
      - aws-crt
    dev: false

  /@aws-sdk/credential-provider-node@3.490.0:
    resolution: {integrity: sha512-Gh33u2O5Xbout8G3z/Z5H/CZzdG1ophxf/XS3iMFxA1cazQ7swY1UMmGvB7Lm7upvax5anXouItD1Ph3gzKc4w==}
    engines: {node: '>=14.0.0'}
    dependencies:
      '@aws-sdk/credential-provider-env': 3.489.0
      '@aws-sdk/credential-provider-ini': 3.490.0
      '@aws-sdk/credential-provider-process': 3.489.0
      '@aws-sdk/credential-provider-sso': 3.490.0
      '@aws-sdk/credential-provider-web-identity': 3.489.0
      '@aws-sdk/types': 3.489.0
      '@smithy/credential-provider-imds': 2.1.5
      '@smithy/property-provider': 2.0.17
      '@smithy/shared-ini-file-loader': 2.2.8
      '@smithy/types': 2.8.0
      tslib: 2.6.2
    transitivePeerDependencies:
      - aws-crt
    dev: false

  /@aws-sdk/credential-provider-process@3.489.0:
    resolution: {integrity: sha512-3vKQYJZ5cZYjy0870CPmbmKRBgATw2xCygxhn4m4UDCjOXVXcGUtYD51DMWsvBo3S0W8kH+FIJV4yuEDMFqLFQ==}
    engines: {node: '>=14.0.0'}
    dependencies:
      '@aws-sdk/types': 3.489.0
      '@smithy/property-provider': 2.0.17
      '@smithy/shared-ini-file-loader': 2.2.8
      '@smithy/types': 2.8.0
      tslib: 2.6.2
    dev: false

  /@aws-sdk/credential-provider-sso@3.490.0:
    resolution: {integrity: sha512-3UUBUoPbFvT58IhS4Vb23omYj/QPNkjgxu9p9ruQ3KSjLkanI4w8t/l/jljA65q83P7CoLnM5UKG9L7RA8/V1Q==}
    engines: {node: '>=14.0.0'}
    dependencies:
      '@aws-sdk/client-sso': 3.490.0
      '@aws-sdk/token-providers': 3.489.0
      '@aws-sdk/types': 3.489.0
      '@smithy/property-provider': 2.0.17
      '@smithy/shared-ini-file-loader': 2.2.8
      '@smithy/types': 2.8.0
      tslib: 2.6.2
    transitivePeerDependencies:
      - aws-crt
    dev: false

  /@aws-sdk/credential-provider-web-identity@3.489.0:
    resolution: {integrity: sha512-mjIuE2Wg1H/ds0nXQ/7vfusEDudmdd8YzKZI1y5O4n60iZZtyB2RNIECtvLMx1EQAKclidY7/06qQkArrGau5Q==}
    engines: {node: '>=14.0.0'}
    dependencies:
      '@aws-sdk/types': 3.489.0
      '@smithy/property-provider': 2.0.17
      '@smithy/types': 2.8.0
      tslib: 2.6.2
    dev: false

  /@aws-sdk/middleware-bucket-endpoint@3.489.0:
    resolution: {integrity: sha512-6rJ5bpNMKo7sEKQ6p2DMbQwM+ahMYASRxfdyH7hs18blvlcS20H1RYpNmJMqPPjxMwUWruty2JPMIRl4DFcv8w==}
    engines: {node: '>=14.0.0'}
    dependencies:
      '@aws-sdk/types': 3.489.0
      '@aws-sdk/util-arn-parser': 3.465.0
      '@smithy/node-config-provider': 2.1.9
      '@smithy/protocol-http': 3.0.12
      '@smithy/types': 2.8.0
      '@smithy/util-config-provider': 2.1.0
      tslib: 2.6.2
    dev: false

  /@aws-sdk/middleware-expect-continue@3.489.0:
    resolution: {integrity: sha512-2RZfnVZFaGHwzPDQJsyf9SXufu1gUd4VsMhm7dC7SWF85XmpDrozbFznS/tD22QdtyWjerLoydZJMq229hpPqg==}
    engines: {node: '>=14.0.0'}
    dependencies:
      '@aws-sdk/types': 3.489.0
      '@smithy/protocol-http': 3.0.12
      '@smithy/types': 2.8.0
      tslib: 2.6.2
    dev: false

  /@aws-sdk/middleware-flexible-checksums@3.489.0:
    resolution: {integrity: sha512-Cy3rBUMr4P7raxzrJFWNRshfKrKV2EojawaC9Bfk/T8aFlV+FmVrRg4ISAXMOfS5pfy3xfAbvkzjOaeqCsGfrA==}
    engines: {node: '>=14.0.0'}
    dependencies:
      '@aws-crypto/crc32': 3.0.0
      '@aws-crypto/crc32c': 3.0.0
      '@aws-sdk/types': 3.489.0
      '@smithy/is-array-buffer': 2.0.0
      '@smithy/protocol-http': 3.0.12
      '@smithy/types': 2.8.0
      '@smithy/util-utf8': 2.0.2
      tslib: 2.6.2
    dev: false

  /@aws-sdk/middleware-host-header@3.489.0:
    resolution: {integrity: sha512-Cl7HJ1jhOfllwf0CRx1eB4ypRGMqdGKWpc0eSTXty7wWSvCdMZUhwfjQqu2bIOIlgYxg/gFu6TVmVZ6g4O8PlA==}
    engines: {node: '>=14.0.0'}
    dependencies:
      '@aws-sdk/types': 3.489.0
      '@smithy/protocol-http': 3.0.12
      '@smithy/types': 2.8.0
      tslib: 2.6.2
    dev: false

  /@aws-sdk/middleware-location-constraint@3.489.0:
    resolution: {integrity: sha512-NIVr+kHR2N6gxFeE3TNw2mEBxgj0N9xXBLy3dNYMMlAUvQlT/0z9HlC9+3XqcTS/Z5ElF/+pei6nqXTVt0He9A==}
    engines: {node: '>=14.0.0'}
    dependencies:
      '@aws-sdk/types': 3.489.0
      '@smithy/types': 2.8.0
      tslib: 2.6.2
    dev: false

  /@aws-sdk/middleware-logger@3.489.0:
    resolution: {integrity: sha512-+EVDnWese61MdImcBNAgz/AhTcIZJaska/xsU3GWU9CP905x4a4qZdB7fExFMDu1Jlz5pJqNteFYYHCFMJhHfg==}
    engines: {node: '>=14.0.0'}
    dependencies:
      '@aws-sdk/types': 3.489.0
      '@smithy/types': 2.8.0
      tslib: 2.6.2
    dev: false

  /@aws-sdk/middleware-recursion-detection@3.489.0:
    resolution: {integrity: sha512-m4rU+fTzziQcu9DKjRNZ4nQlXENEd2ZnJblJV4ONdWqqEjbmOgOj3P6aCCQlJdIbzuNvX1FBOZ5tY59ZpERo7Q==}
    engines: {node: '>=14.0.0'}
    dependencies:
      '@aws-sdk/types': 3.489.0
      '@smithy/protocol-http': 3.0.12
      '@smithy/types': 2.8.0
      tslib: 2.6.2
    dev: false

  /@aws-sdk/middleware-sdk-s3@3.489.0:
    resolution: {integrity: sha512-/GGASx7mK9qEgy1znvleYMZKVqm3sOdGghqKdy2zgoGcH2jH+fZrLM0lDMT9bvdITmOCbJJs2rVHP3xm/ZWcXg==}
    engines: {node: '>=14.0.0'}
    dependencies:
      '@aws-sdk/types': 3.489.0
      '@aws-sdk/util-arn-parser': 3.465.0
      '@smithy/node-config-provider': 2.1.9
      '@smithy/protocol-http': 3.0.12
      '@smithy/signature-v4': 2.0.19
      '@smithy/smithy-client': 2.2.1
      '@smithy/types': 2.8.0
      '@smithy/util-config-provider': 2.1.0
      tslib: 2.6.2
    dev: false

  /@aws-sdk/middleware-signing@3.489.0:
    resolution: {integrity: sha512-rlHcWYZn6Ym3v/u0DvKNDiD7ogIzEsHlerm0lowTiQbszkFobOiUClRTALwvsUZdAAztl706qO1OKbnGnD6Ubw==}
    engines: {node: '>=14.0.0'}
    dependencies:
      '@aws-sdk/types': 3.489.0
      '@smithy/property-provider': 2.0.17
      '@smithy/protocol-http': 3.0.12
      '@smithy/signature-v4': 2.0.19
      '@smithy/types': 2.8.0
      '@smithy/util-middleware': 2.0.9
      tslib: 2.6.2
    dev: false

  /@aws-sdk/middleware-ssec@3.489.0:
    resolution: {integrity: sha512-5RQg8dqERAmi1OfVEV9fbTA5NKmcvKDYP79YtH08IEFIsHWU1Y5NoqL7mXkkNyBrJNBVyasYijAbTzOuM707eg==}
    engines: {node: '>=14.0.0'}
    dependencies:
      '@aws-sdk/types': 3.489.0
      '@smithy/types': 2.8.0
      tslib: 2.6.2
    dev: false

  /@aws-sdk/middleware-user-agent@3.489.0:
    resolution: {integrity: sha512-M54Cv2fAN3GGgdfUjLtZ4wFUIrfM/ivbXv4DgpcNsacEQ2g4H+weQgKp41X7XZW8MWAzl+k1zJaryK69RYNQkQ==}
    engines: {node: '>=14.0.0'}
    dependencies:
      '@aws-sdk/types': 3.489.0
      '@aws-sdk/util-endpoints': 3.489.0
      '@smithy/protocol-http': 3.0.12
      '@smithy/types': 2.8.0
      tslib: 2.6.2
    dev: false

  /@aws-sdk/region-config-resolver@3.489.0:
    resolution: {integrity: sha512-UvrnB78XTz9ddby7mr0vuUHn2MO3VTjzaIu+GQhyedMGQU0QlIQrYOlzbbu4LC5rL1O8FxFLUxRe/AAjgwyuGw==}
    engines: {node: '>=14.0.0'}
    dependencies:
      '@aws-sdk/types': 3.489.0
      '@smithy/node-config-provider': 2.1.9
      '@smithy/types': 2.8.0
      '@smithy/util-config-provider': 2.1.0
      '@smithy/util-middleware': 2.0.9
      tslib: 2.6.2
    dev: false

  /@aws-sdk/s3-request-presigner@3.490.0:
    resolution: {integrity: sha512-ZHs+FlcTv9MKMM0b9svxxQio4FiRxDNstKYG8sbm9YEoahYV25h3K3butUiThaiOeYePOD7jHdbdXz4/XasxXg==}
    engines: {node: '>=14.0.0'}
    dependencies:
      '@aws-sdk/signature-v4-multi-region': 3.489.0
      '@aws-sdk/types': 3.489.0
      '@aws-sdk/util-format-url': 3.489.0
      '@smithy/middleware-endpoint': 2.3.0
      '@smithy/protocol-http': 3.0.12
      '@smithy/smithy-client': 2.2.1
      '@smithy/types': 2.8.0
      tslib: 2.6.2
    dev: false

  /@aws-sdk/signature-v4-multi-region@3.489.0:
    resolution: {integrity: sha512-kYFM7Opu36EkFlzXdVNOBFpQApgnuaTu/U/qYhGyuzeD+HNnYgZEsd/tDro1DQ074jVy3GN9ttJSYxq5I4oTkA==}
    engines: {node: '>=14.0.0'}
    dependencies:
      '@aws-sdk/middleware-sdk-s3': 3.489.0
      '@aws-sdk/types': 3.489.0
      '@smithy/protocol-http': 3.0.12
      '@smithy/signature-v4': 2.0.19
      '@smithy/types': 2.8.0
      tslib: 2.6.2
    dev: false

  /@aws-sdk/token-providers@3.489.0:
    resolution: {integrity: sha512-hSgjB8CMQoA8EIQ0ripDjDtbBcWDSa+7vSBYPIzksyknaGERR/GUfGXLV2dpm5t17FgFG6irT5f3ZlBzarL8Dw==}
    engines: {node: '>=14.0.0'}
    dependencies:
      '@aws-crypto/sha256-browser': 3.0.0
      '@aws-crypto/sha256-js': 3.0.0
      '@aws-sdk/middleware-host-header': 3.489.0
      '@aws-sdk/middleware-logger': 3.489.0
      '@aws-sdk/middleware-recursion-detection': 3.489.0
      '@aws-sdk/middleware-user-agent': 3.489.0
      '@aws-sdk/region-config-resolver': 3.489.0
      '@aws-sdk/types': 3.489.0
      '@aws-sdk/util-endpoints': 3.489.0
      '@aws-sdk/util-user-agent-browser': 3.489.0
      '@aws-sdk/util-user-agent-node': 3.489.0
      '@smithy/config-resolver': 2.0.23
      '@smithy/fetch-http-handler': 2.3.2
      '@smithy/hash-node': 2.0.18
      '@smithy/invalid-dependency': 2.0.16
      '@smithy/middleware-content-length': 2.0.18
      '@smithy/middleware-endpoint': 2.3.0
      '@smithy/middleware-retry': 2.0.26
      '@smithy/middleware-serde': 2.0.16
      '@smithy/middleware-stack': 2.0.10
      '@smithy/node-config-provider': 2.1.9
      '@smithy/node-http-handler': 2.2.2
      '@smithy/property-provider': 2.0.17
      '@smithy/protocol-http': 3.0.12
      '@smithy/shared-ini-file-loader': 2.2.8
      '@smithy/smithy-client': 2.2.1
      '@smithy/types': 2.8.0
      '@smithy/url-parser': 2.0.16
      '@smithy/util-base64': 2.0.1
      '@smithy/util-body-length-browser': 2.0.1
      '@smithy/util-body-length-node': 2.1.0
      '@smithy/util-defaults-mode-browser': 2.0.24
      '@smithy/util-defaults-mode-node': 2.0.32
      '@smithy/util-endpoints': 1.0.8
      '@smithy/util-retry': 2.0.9
      '@smithy/util-utf8': 2.0.2
      tslib: 2.6.2
    transitivePeerDependencies:
      - aws-crt
    dev: false

  /@aws-sdk/types@3.489.0:
    resolution: {integrity: sha512-kcDtLfKog/p0tC4gAeqJqWxAiEzfe2LRPnKamvSG2Mjbthx4R/alE2dxyIq/wW+nvRv0fqR3OD5kD1+eVfdr/w==}
    engines: {node: '>=14.0.0'}
    dependencies:
      '@smithy/types': 2.8.0
      tslib: 2.6.2
    dev: false

  /@aws-sdk/util-arn-parser@3.465.0:
    resolution: {integrity: sha512-zOJ82vzDJFqBX9yZBlNeHHrul/kpx/DCoxzW5UBbZeb26kfV53QhMSoEmY8/lEbBqlqargJ/sgRC845GFhHNQw==}
    engines: {node: '>=14.0.0'}
    dependencies:
      tslib: 2.6.2
    dev: false

  /@aws-sdk/util-endpoints@3.489.0:
    resolution: {integrity: sha512-uGyG1u84ATX03mf7bT4xD9XD/vlYJGD5+RxMN/UpzeTfzXfh+jvCQWbOQ44z8ttFJWYQQqrLxkfpF/JgvALzLA==}
    engines: {node: '>=14.0.0'}
    dependencies:
      '@aws-sdk/types': 3.489.0
      '@smithy/types': 2.8.0
      '@smithy/util-endpoints': 1.0.8
      tslib: 2.6.2
    dev: false

  /@aws-sdk/util-format-url@3.489.0:
    resolution: {integrity: sha512-yqIf9RMdOSxMUrv1BVDmrYp5kjLh4RxA17BTqzcQK8cXkRBqBP8ydbCQXENSv8LZSMH7AnrXNHBD1eiVuKRzZw==}
    engines: {node: '>=14.0.0'}
    dependencies:
      '@aws-sdk/types': 3.489.0
      '@smithy/querystring-builder': 2.0.16
      '@smithy/types': 2.8.0
      tslib: 2.6.2
    dev: false

  /@aws-sdk/util-locate-window@3.465.0:
    resolution: {integrity: sha512-f+QNcWGswredzC1ExNAB/QzODlxwaTdXkNT5cvke2RLX8SFU5pYk6h4uCtWC0vWPELzOfMfloBrJefBzlarhsw==}
    engines: {node: '>=14.0.0'}
    dependencies:
      tslib: 2.6.2
    dev: false

  /@aws-sdk/util-user-agent-browser@3.489.0:
    resolution: {integrity: sha512-85B9KMsuMpAZauzWQ16r52ZBAHYnznW6BVitnBglsibN7oJKn10Hggt4QGuRhvQFCxQ8YhvBl7r+vQGFO4hxIw==}
    dependencies:
      '@aws-sdk/types': 3.489.0
      '@smithy/types': 2.8.0
      bowser: 2.11.0
      tslib: 2.6.2
    dev: false

  /@aws-sdk/util-user-agent-node@3.489.0:
    resolution: {integrity: sha512-CYdkBHig8sFNc0dv11Ni9WXvZQHeI5+z77OrDHKkbidFx/V4BDTuwZw4K1vWg62pzFOEfzunJFiULRcDZWJR3w==}
    engines: {node: '>=14.0.0'}
    peerDependencies:
      aws-crt: '>=1.0.0'
    peerDependenciesMeta:
      aws-crt:
        optional: true
    dependencies:
      '@aws-sdk/types': 3.489.0
      '@smithy/node-config-provider': 2.1.9
      '@smithy/types': 2.8.0
      tslib: 2.6.2
    dev: false

  /@aws-sdk/util-utf8-browser@3.259.0:
    resolution: {integrity: sha512-UvFa/vR+e19XookZF8RzFZBrw2EUkQWxiBW0yYQAhvk3C+QVGl0H3ouca8LDBlBfQKXwmW3huo/59H8rwb1wJw==}
    dependencies:
      tslib: 2.6.2
    dev: false

  /@aws-sdk/xml-builder@3.485.0:
    resolution: {integrity: sha512-xQexPM6LINOIkf3NLFywplcbApifZRMWFN41TDWYSNgCUa5uC9fntfenw8N/HTx1n+McRCWSAFBTjDqY/2OLCQ==}
    engines: {node: '>=14.0.0'}
    dependencies:
      '@smithy/types': 2.8.0
      tslib: 2.6.2
    dev: false

  /@smithy/abort-controller@2.0.16:
    resolution: {integrity: sha512-4foO7738k8kM9flMHu3VLabqu7nPgvIj8TB909S0CnKx0YZz/dcDH3pZ/4JHdatfxlZdKF1JWOYCw9+v3HVVsw==}
    engines: {node: '>=14.0.0'}
    dependencies:
      '@smithy/types': 2.8.0
      tslib: 2.6.2
    dev: false

  /@smithy/chunked-blob-reader-native@2.0.1:
    resolution: {integrity: sha512-N2oCZRglhWKm7iMBu7S6wDzXirjAofi7tAd26cxmgibRYOBS4D3hGfmkwCpHdASZzwZDD8rluh0Rcqw1JeZDRw==}
    dependencies:
      '@smithy/util-base64': 2.0.1
      tslib: 2.6.2
    dev: false

  /@smithy/chunked-blob-reader@2.0.0:
    resolution: {integrity: sha512-k+J4GHJsMSAIQPChGBrjEmGS+WbPonCXesoqP9fynIqjn7rdOThdH8FAeCmokP9mxTYKQAKoHCLPzNlm6gh7Wg==}
    dependencies:
      tslib: 2.6.2
    dev: false

  /@smithy/config-resolver@2.0.23:
    resolution: {integrity: sha512-XakUqgtP2YY8Mi+Nlif5BiqJgWdvfxJafSpOSQeCOMizu+PUhE4fBQSy6xFcR+eInrwVadaABNxoJyGUMn15ew==}
    engines: {node: '>=14.0.0'}
    dependencies:
      '@smithy/node-config-provider': 2.1.9
      '@smithy/types': 2.8.0
      '@smithy/util-config-provider': 2.1.0
      '@smithy/util-middleware': 2.0.9
      tslib: 2.6.2
    dev: false

  /@smithy/core@1.2.2:
    resolution: {integrity: sha512-uLjrskLT+mWb0emTR5QaiAIxVEU7ndpptDaVDrTwwhD+RjvHhjIiGQ3YL5jKk1a5VSDQUA2RGkXvJ6XKRcz6Dg==}
    engines: {node: '>=14.0.0'}
    dependencies:
      '@smithy/middleware-endpoint': 2.3.0
      '@smithy/middleware-retry': 2.0.26
      '@smithy/middleware-serde': 2.0.16
      '@smithy/protocol-http': 3.0.12
      '@smithy/smithy-client': 2.2.1
      '@smithy/types': 2.8.0
      '@smithy/util-middleware': 2.0.9
      tslib: 2.6.2
    dev: false

  /@smithy/credential-provider-imds@2.1.5:
    resolution: {integrity: sha512-VfvE6Wg1MUWwpTZFBnUD7zxvPhLY8jlHCzu6bCjlIYoWgXCDzZAML76IlZUEf45nib3rjehnFgg0s1rgsuN/bg==}
    engines: {node: '>=14.0.0'}
    dependencies:
      '@smithy/node-config-provider': 2.1.9
      '@smithy/property-provider': 2.0.17
      '@smithy/types': 2.8.0
      '@smithy/url-parser': 2.0.16
      tslib: 2.6.2
    dev: false

  /@smithy/eventstream-codec@2.0.16:
    resolution: {integrity: sha512-umYh5pdCE9GHgiMAH49zu9wXWZKNHHdKPm/lK22WYISTjqu29SepmpWNmPiBLy/yUu4HFEGJHIFrDWhbDlApaw==}
    dependencies:
      '@aws-crypto/crc32': 3.0.0
      '@smithy/types': 2.8.0
      '@smithy/util-hex-encoding': 2.0.0
      tslib: 2.6.2
    dev: false

  /@smithy/eventstream-serde-browser@2.0.16:
    resolution: {integrity: sha512-W+BdiN728R57KuZOcG0GczpIOEFf8S5RP/OdVH7T3FMCy8HU2bBU0vB5xZZR5c00VRdoeWrohNv3XlHoZuGRoA==}
    engines: {node: '>=14.0.0'}
    dependencies:
      '@smithy/eventstream-serde-universal': 2.0.16
      '@smithy/types': 2.8.0
      tslib: 2.6.2
    dev: false

  /@smithy/eventstream-serde-config-resolver@2.0.16:
    resolution: {integrity: sha512-8qrE4nh+Tg6m1SMFK8vlzoK+8bUFTlIhXidmmQfASMninXW3Iu0T0bI4YcIk4nLznHZdybQ0qGydIanvVZxzVg==}
    engines: {node: '>=14.0.0'}
    dependencies:
      '@smithy/types': 2.8.0
      tslib: 2.6.2
    dev: false

  /@smithy/eventstream-serde-node@2.0.16:
    resolution: {integrity: sha512-NRNQuOa6mQdFSkqzY0IV37swHWx0SEoKxFtUfdZvfv0AVQPlSw4N7E3kcRSCpnHBr1kCuWWirdDlWcjWuD81MA==}
    engines: {node: '>=14.0.0'}
    dependencies:
      '@smithy/eventstream-serde-universal': 2.0.16
      '@smithy/types': 2.8.0
      tslib: 2.6.2
    dev: false

  /@smithy/eventstream-serde-universal@2.0.16:
    resolution: {integrity: sha512-ZyLnGaYQMLc75j9kKEVMJ3X6bdBE9qWxhZdTXM5RIltuytxJC3FaOhawBxjE+IL1enmWSIohHGZCm/pLwEliQA==}
    engines: {node: '>=14.0.0'}
    dependencies:
      '@smithy/eventstream-codec': 2.0.16
      '@smithy/types': 2.8.0
      tslib: 2.6.2
    dev: false

  /@smithy/fetch-http-handler@2.3.2:
    resolution: {integrity: sha512-O9R/OlnAOTsnysuSDjt0v2q6DcSvCz5cCFC/CFAWWcLyBwJDeFyGTCTszgpQTb19+Fi8uRwZE5/3ziAQBFeDMQ==}
    dependencies:
      '@smithy/protocol-http': 3.0.12
      '@smithy/querystring-builder': 2.0.16
      '@smithy/types': 2.8.0
      '@smithy/util-base64': 2.0.1
      tslib: 2.6.2
    dev: false

  /@smithy/hash-blob-browser@2.0.17:
    resolution: {integrity: sha512-/mPpv1sRiRDdjO4zZuO8be6eeabmg5AVgKDfnmmqkpBtRyMGSJb968fjRuHt+FRAsIGywgIKJFmUUAYjhsi1oQ==}
    dependencies:
      '@smithy/chunked-blob-reader': 2.0.0
      '@smithy/chunked-blob-reader-native': 2.0.1
      '@smithy/types': 2.8.0
      tslib: 2.6.2
    dev: false

  /@smithy/hash-node@2.0.18:
    resolution: {integrity: sha512-gN2JFvAgnZCyDN9rJgcejfpK0uPPJrSortVVVVWsru9whS7eQey6+gj2eM5ln2i6rHNntIXzal1Fm9XOPuoaKA==}
    engines: {node: '>=14.0.0'}
    dependencies:
      '@smithy/types': 2.8.0
      '@smithy/util-buffer-from': 2.0.0
      '@smithy/util-utf8': 2.0.2
      tslib: 2.6.2
    dev: false

  /@smithy/hash-stream-node@2.0.18:
    resolution: {integrity: sha512-OuFk+ITpv8CtxGjQcS8GA04faNycu9UMm6YobvQzjeEoXZ0dLF6sRfuzD+3S8RHPKpTyLuXtKG1+GiJycZ5TcA==}
    engines: {node: '>=14.0.0'}
    dependencies:
      '@smithy/types': 2.8.0
      '@smithy/util-utf8': 2.0.2
      tslib: 2.6.2
    dev: false

  /@smithy/invalid-dependency@2.0.16:
    resolution: {integrity: sha512-apEHakT/kmpNo1VFHP4W/cjfeP9U0x5qvfsLJubgp7UM/gq4qYp0GbqdE7QhsjUaYvEnrftRqs7+YrtWreV0wA==}
    dependencies:
      '@smithy/types': 2.8.0
      tslib: 2.6.2
    dev: false

  /@smithy/is-array-buffer@2.0.0:
    resolution: {integrity: sha512-z3PjFjMyZNI98JFRJi/U0nGoLWMSJlDjAW4QUX2WNZLas5C0CmVV6LJ01JI0k90l7FvpmixjWxPFmENSClQ7ug==}
    engines: {node: '>=14.0.0'}
    dependencies:
      tslib: 2.6.2
    dev: false

  /@smithy/md5-js@2.0.18:
    resolution: {integrity: sha512-bHwZ8/m6RbERQdVW5rJ2LzeW8qxfXv6Q/S7Fiudhso4pWRrksqLx3nsGZw7bmqqfN4zLqkxydxSa9+4c7s5zxg==}
    dependencies:
      '@smithy/types': 2.8.0
      '@smithy/util-utf8': 2.0.2
      tslib: 2.6.2
    dev: false

  /@smithy/middleware-content-length@2.0.18:
    resolution: {integrity: sha512-ZJ9uKPTfxYheTKSKYB+GCvcj+izw9WGzRLhjn8n254q0jWLojUzn7Vw0l4R/Gq7Wdpf/qmk/ptD+6CCXHNVCaw==}
    engines: {node: '>=14.0.0'}
    dependencies:
      '@smithy/protocol-http': 3.0.12
      '@smithy/types': 2.8.0
      tslib: 2.6.2
    dev: false

  /@smithy/middleware-endpoint@2.3.0:
    resolution: {integrity: sha512-VsOAG2YQ8ykjSmKO+CIXdJBIWFo6AAvG6Iw95BakBTqk66/4BI7XyqLevoNSq/lZ6NgZv24sLmrcIN+fLDWBCg==}
    engines: {node: '>=14.0.0'}
    dependencies:
      '@smithy/middleware-serde': 2.0.16
      '@smithy/node-config-provider': 2.1.9
      '@smithy/shared-ini-file-loader': 2.2.8
      '@smithy/types': 2.8.0
      '@smithy/url-parser': 2.0.16
      '@smithy/util-middleware': 2.0.9
      tslib: 2.6.2
    dev: false

  /@smithy/middleware-retry@2.0.26:
    resolution: {integrity: sha512-Qzpxo0U5jfNiq9iD38U3e2bheXwvTEX4eue9xruIvEgh+UKq6dKuGqcB66oBDV7TD/mfoJi9Q/VmaiqwWbEp7A==}
    engines: {node: '>=14.0.0'}
    dependencies:
      '@smithy/node-config-provider': 2.1.9
      '@smithy/protocol-http': 3.0.12
      '@smithy/service-error-classification': 2.0.9
      '@smithy/smithy-client': 2.2.1
      '@smithy/types': 2.8.0
      '@smithy/util-middleware': 2.0.9
      '@smithy/util-retry': 2.0.9
      tslib: 2.6.2
      uuid: 8.3.2
    dev: false

  /@smithy/middleware-serde@2.0.16:
    resolution: {integrity: sha512-5EAd4t30pcc4M8TSSGq7q/x5IKrxfXR5+SrU4bgxNy7RPHQo2PSWBUco9C+D9Tfqp/JZvprRpK42dnupZafk2g==}
    engines: {node: '>=14.0.0'}
    dependencies:
      '@smithy/types': 2.8.0
      tslib: 2.6.2
    dev: false

  /@smithy/middleware-stack@2.0.10:
    resolution: {integrity: sha512-I2rbxctNq9FAPPEcuA1ntZxkTKOPQFy7YBPOaD/MLg1zCvzv21CoNxR0py6J8ZVC35l4qE4nhxB0f7TF5/+Ldw==}
    engines: {node: '>=14.0.0'}
    dependencies:
      '@smithy/types': 2.8.0
      tslib: 2.6.2
    dev: false

  /@smithy/node-config-provider@2.1.9:
    resolution: {integrity: sha512-tUyW/9xrRy+s7RXkmQhgYkAPMpTIF8izK4orhHjNFEKR3QZiOCbWB546Y8iB/Fpbm3O9+q0Af9rpywLKJOwtaQ==}
    engines: {node: '>=14.0.0'}
    dependencies:
      '@smithy/property-provider': 2.0.17
      '@smithy/shared-ini-file-loader': 2.2.8
      '@smithy/types': 2.8.0
      tslib: 2.6.2
    dev: false

  /@smithy/node-http-handler@2.2.2:
    resolution: {integrity: sha512-XO58TO/Eul/IBQKFKaaBtXJi0ItEQQCT+NI4IiKHCY/4KtqaUT6y/wC1EvDqlA9cP7Dyjdj7FdPs4DyynH3u7g==}
    engines: {node: '>=14.0.0'}
    dependencies:
      '@smithy/abort-controller': 2.0.16
      '@smithy/protocol-http': 3.0.12
      '@smithy/querystring-builder': 2.0.16
      '@smithy/types': 2.8.0
      tslib: 2.6.2
    dev: false

  /@smithy/property-provider@2.0.17:
    resolution: {integrity: sha512-+VkeZbVu7qtQ2DjI48Qwaf9fPOr3gZIwxQpuLJgRRSkWsdSvmaTCxI3gzRFKePB63Ts9r4yjn4HkxSCSkdWmcQ==}
    engines: {node: '>=14.0.0'}
    dependencies:
      '@smithy/types': 2.8.0
      tslib: 2.6.2
    dev: false

  /@smithy/protocol-http@3.0.12:
    resolution: {integrity: sha512-Xz4iaqLiaBfbQpB9Hgi3VcZYbP7xRDXYhd8XWChh4v94uw7qwmvlxdU5yxzfm6ACJM66phHrTbS5TVvj5uQ72w==}
    engines: {node: '>=14.0.0'}
    dependencies:
      '@smithy/types': 2.8.0
      tslib: 2.6.2
    dev: false

  /@smithy/querystring-builder@2.0.16:
    resolution: {integrity: sha512-Q/GsJT0C0mijXMRs7YhZLLCP5FcuC4797lYjKQkME5CZohnLC4bEhylAd2QcD3gbMKNjCw8+T2I27WKiV/wToA==}
    engines: {node: '>=14.0.0'}
    dependencies:
      '@smithy/types': 2.8.0
      '@smithy/util-uri-escape': 2.0.0
      tslib: 2.6.2
    dev: false

  /@smithy/querystring-parser@2.0.16:
    resolution: {integrity: sha512-c4ueAuL6BDYKWpkubjrQthZKoC3L5kql5O++ovekNxiexRXTlLIVlCR4q3KziOktLIw66EU9SQljPXd/oN6Okg==}
    engines: {node: '>=14.0.0'}
    dependencies:
      '@smithy/types': 2.8.0
      tslib: 2.6.2
    dev: false

  /@smithy/service-error-classification@2.0.9:
    resolution: {integrity: sha512-0K+8GvtwI7VkGmmInPydM2XZyBfIqLIbfR7mDQ+oPiz8mIinuHbV6sxOLdvX1Jv/myk7XTK9orgt3tuEpBu/zg==}
    engines: {node: '>=14.0.0'}
    dependencies:
      '@smithy/types': 2.8.0
    dev: false

  /@smithy/shared-ini-file-loader@2.2.8:
    resolution: {integrity: sha512-E62byatbwSWrtq9RJ7xN40tqrRKDGrEL4EluyNpaIDvfvet06a/QC58oHw2FgVaEgkj0tXZPjZaKrhPfpoU0qw==}
    engines: {node: '>=14.0.0'}
    dependencies:
      '@smithy/types': 2.8.0
      tslib: 2.6.2
    dev: false

  /@smithy/signature-v4@2.0.19:
    resolution: {integrity: sha512-nwc3JihdM+kcJjtORv/n7qRHN2Kfh7S2RJI2qr8pz9UcY5TD8rSCRGQ0g81HgyS3jZ5X9U/L4p014P3FonBPhg==}
    engines: {node: '>=14.0.0'}
    dependencies:
      '@smithy/eventstream-codec': 2.0.16
      '@smithy/is-array-buffer': 2.0.0
      '@smithy/types': 2.8.0
      '@smithy/util-hex-encoding': 2.0.0
      '@smithy/util-middleware': 2.0.9
      '@smithy/util-uri-escape': 2.0.0
      '@smithy/util-utf8': 2.0.2
      tslib: 2.6.2
    dev: false

  /@smithy/smithy-client@2.2.1:
    resolution: {integrity: sha512-SpD7FLK92XV2fon2hMotaNDa2w5VAy5/uVjP9WFmjGSgWM8pTPVkHcDl1yFs5Z8LYbij0FSz+DbCBK6i+uXXUA==}
    engines: {node: '>=14.0.0'}
    dependencies:
      '@smithy/middleware-endpoint': 2.3.0
      '@smithy/middleware-stack': 2.0.10
      '@smithy/protocol-http': 3.0.12
      '@smithy/types': 2.8.0
      '@smithy/util-stream': 2.0.24
      tslib: 2.6.2
    dev: false

  /@smithy/types@2.8.0:
    resolution: {integrity: sha512-h9sz24cFgt/W1Re22OlhQKmUZkNh244ApgRsUDYinqF8R+QgcsBIX344u2j61TPshsTz3CvL6HYU1DnQdsSrHA==}
    engines: {node: '>=14.0.0'}
    dependencies:
      tslib: 2.6.2
    dev: false

  /@smithy/url-parser@2.0.16:
    resolution: {integrity: sha512-Wfz5WqAoRT91TjRy1JeLR0fXtkIXHGsMbgzKFTx7E68SrZ55TB8xoG+vm11Ru4gheFTMXjAjwAxv1jQdC+pAQA==}
    dependencies:
      '@smithy/querystring-parser': 2.0.16
      '@smithy/types': 2.8.0
      tslib: 2.6.2
    dev: false

  /@smithy/util-base64@2.0.1:
    resolution: {integrity: sha512-DlI6XFYDMsIVN+GH9JtcRp3j02JEVuWIn/QOZisVzpIAprdsxGveFed0bjbMRCqmIFe8uetn5rxzNrBtIGrPIQ==}
    engines: {node: '>=14.0.0'}
    dependencies:
      '@smithy/util-buffer-from': 2.0.0
      tslib: 2.6.2
    dev: false

  /@smithy/util-body-length-browser@2.0.1:
    resolution: {integrity: sha512-NXYp3ttgUlwkaug4bjBzJ5+yIbUbUx8VsSLuHZROQpoik+gRkIBeEG9MPVYfvPNpuXb/puqodeeUXcKFe7BLOQ==}
    dependencies:
      tslib: 2.6.2
    dev: false

  /@smithy/util-body-length-node@2.1.0:
    resolution: {integrity: sha512-/li0/kj/y3fQ3vyzn36NTLGmUwAICb7Jbe/CsWCktW363gh1MOcpEcSO3mJ344Gv2dqz8YJCLQpb6hju/0qOWw==}
    engines: {node: '>=14.0.0'}
    dependencies:
      tslib: 2.6.2
    dev: false

  /@smithy/util-buffer-from@2.0.0:
    resolution: {integrity: sha512-/YNnLoHsR+4W4Vf2wL5lGv0ksg8Bmk3GEGxn2vEQt52AQaPSCuaO5PM5VM7lP1K9qHRKHwrPGktqVoAHKWHxzw==}
    engines: {node: '>=14.0.0'}
    dependencies:
      '@smithy/is-array-buffer': 2.0.0
      tslib: 2.6.2
    dev: false

  /@smithy/util-config-provider@2.1.0:
    resolution: {integrity: sha512-S6V0JvvhQgFSGLcJeT1CBsaTR03MM8qTuxMH9WPCCddlSo2W0V5jIHimHtIQALMLEDPGQ0ROSRr/dU0O+mxiQg==}
    engines: {node: '>=14.0.0'}
    dependencies:
      tslib: 2.6.2
    dev: false

  /@smithy/util-defaults-mode-browser@2.0.24:
    resolution: {integrity: sha512-TsP5mBuLgO2C21+laNG2nHYZEyUdkbGURv2tHvSuQQxLz952MegX95uwdxOY2jR2H4GoKuVRfdJq7w4eIjGYeg==}
    engines: {node: '>= 10.0.0'}
    dependencies:
      '@smithy/property-provider': 2.0.17
      '@smithy/smithy-client': 2.2.1
      '@smithy/types': 2.8.0
      bowser: 2.11.0
      tslib: 2.6.2
    dev: false

  /@smithy/util-defaults-mode-node@2.0.32:
    resolution: {integrity: sha512-d0S33dXA2cq1NyorVMroMrEtqKMr3MlyLITcfTBf9pXiigYiPMOtbSI7czHIfDbuVuM89Cg0urAgpt73QV9mPQ==}
    engines: {node: '>= 10.0.0'}
    dependencies:
      '@smithy/config-resolver': 2.0.23
      '@smithy/credential-provider-imds': 2.1.5
      '@smithy/node-config-provider': 2.1.9
      '@smithy/property-provider': 2.0.17
      '@smithy/smithy-client': 2.2.1
      '@smithy/types': 2.8.0
      tslib: 2.6.2
    dev: false

  /@smithy/util-endpoints@1.0.8:
    resolution: {integrity: sha512-l8zVuyZZ61IzZBYp5NWvsAhbaAjYkt0xg9R4xUASkg5SEeTT2meHOJwJHctKMFUXe4QZbn9fR2MaBYjP2119+w==}
    engines: {node: '>= 14.0.0'}
    dependencies:
      '@smithy/node-config-provider': 2.1.9
      '@smithy/types': 2.8.0
      tslib: 2.6.2
    dev: false

  /@smithy/util-hex-encoding@2.0.0:
    resolution: {integrity: sha512-c5xY+NUnFqG6d7HFh1IFfrm3mGl29lC+vF+geHv4ToiuJCBmIfzx6IeHLg+OgRdPFKDXIw6pvi+p3CsscaMcMA==}
    engines: {node: '>=14.0.0'}
    dependencies:
      tslib: 2.6.2
    dev: false

  /@smithy/util-middleware@2.0.9:
    resolution: {integrity: sha512-PnCnBJ07noMX1lMDTEefmxSlusWJUiLfrme++MfK5TD0xz8NYmakgoXy5zkF/16zKGmiwOeKAztWT/Vjk1KRIQ==}
    engines: {node: '>=14.0.0'}
    dependencies:
      '@smithy/types': 2.8.0
      tslib: 2.6.2
    dev: false

  /@smithy/util-retry@2.0.9:
    resolution: {integrity: sha512-46BFWe9RqB6g7f4mxm3W3HlqknqQQmWHKlhoqSFZuGNuiDU5KqmpebMbvC3tjTlUkqn4xa2Z7s3Hwb0HNs5scw==}
    engines: {node: '>= 14.0.0'}
    dependencies:
      '@smithy/service-error-classification': 2.0.9
      '@smithy/types': 2.8.0
      tslib: 2.6.2
    dev: false

  /@smithy/util-stream@2.0.24:
    resolution: {integrity: sha512-hRpbcRrOxDriMVmbya+Mv77VZVupxRAsfxVDKS54XuiURhdiwCUXJP0X1iJhHinuUf6n8pBF0MkG9C8VooMnWw==}
    engines: {node: '>=14.0.0'}
    dependencies:
      '@smithy/fetch-http-handler': 2.3.2
      '@smithy/node-http-handler': 2.2.2
      '@smithy/types': 2.8.0
      '@smithy/util-base64': 2.0.1
      '@smithy/util-buffer-from': 2.0.0
      '@smithy/util-hex-encoding': 2.0.0
      '@smithy/util-utf8': 2.0.2
      tslib: 2.6.2
    dev: false

  /@smithy/util-uri-escape@2.0.0:
    resolution: {integrity: sha512-ebkxsqinSdEooQduuk9CbKcI+wheijxEb3utGXkCoYQkJnwTnLbH1JXGimJtUkQwNQbsbuYwG2+aFVyZf5TLaw==}
    engines: {node: '>=14.0.0'}
    dependencies:
      tslib: 2.6.2
    dev: false

  /@smithy/util-utf8@2.0.2:
    resolution: {integrity: sha512-qOiVORSPm6Ce4/Yu6hbSgNHABLP2VMv8QOC3tTDNHHlWY19pPyc++fBTbZPtx6egPXi4HQxKDnMxVxpbtX2GoA==}
    engines: {node: '>=14.0.0'}
    dependencies:
      '@smithy/util-buffer-from': 2.0.0
      tslib: 2.6.2
    dev: false

  /@smithy/util-waiter@2.0.16:
    resolution: {integrity: sha512-5i4YONHQ6HoUWDd+X0frpxTXxSXgJhUFl+z0iMy/zpUmVeCQY2or3Vss6DzHKKMMQL4pmVHpQm9WayHDorFdZg==}
    engines: {node: '>=14.0.0'}
    dependencies:
      '@smithy/abort-controller': 2.0.16
      '@smithy/types': 2.8.0
      tslib: 2.6.2
    dev: false

  /bowser@2.11.0:
    resolution: {integrity: sha512-AlcaJBi/pqqJBIQ8U9Mcpc9i8Aqxn88Skv5d+xBX006BY5u8N3mGLHa5Lgppa7L/HfwgwLgZ6NYs+Ag6uUmJRA==}
    dev: false

  /fast-xml-parser@4.2.5:
    resolution: {integrity: sha512-B9/wizE4WngqQftFPmdaMYlXoJlJOYxGQOanC77fq9k8+Z0v5dDSVh+3glErdIROP//s/jgb7ZuxKfB8nVyo0g==}
    hasBin: true
    dependencies:
      strnum: 1.0.5
    dev: false

  /strnum@1.0.5:
    resolution: {integrity: sha512-J8bbNyKKXl5qYcR36TIO8W3mVGVHrmmxsd5PAItGkmyzwJvybiw2IVq5nqd0i4LSNSkB/sx9VHllbfFdr9k1JA==}
    dev: false

  /tslib@1.14.1:
    resolution: {integrity: sha512-Xni35NKzjgMrwevysHTCArtLDpPvye8zV/0E4EyYn43P7/7qvQwPh9BGkHewbMulVntbigmcT7rdX3BNo9wRJg==}
    dev: false

  /tslib@2.6.2:
    resolution: {integrity: sha512-AEYxH93jGFPn/a2iVAwW87VuUIkR1FVUKB77NwMF7nBTDkDrrT/Hpt/IrCJ0QXhW27jTBDcf5ZY7w6RiqTMw2Q==}
    dev: false

  /uuid@8.3.2:
    resolution: {integrity: sha512-+NYs2QeMWy+GWFOEm9xnn6HCDp0l7QBD7ml8zLUmJ+93Q5NF0NocErnwkTkXVFNiX3/fpC6afS8Dhb/gz7R7eg==}
    hasBin: true
    dev: false
